
Microsoft Visual Studio Solution File, Format Version 12.00
# Visual Studio Version 17
VisualStudioVersion = 17.13.35825.156
MinimumVisualStudioVersion = 10.0.40219.1
Project("{FAE04EC0-301F-11D3-BF4B-00C04F79EFBC}") = "LoanShark", "LoanShark\LoanShark.csproj", "{7C671225-C273-4ED3-AB07-CA88C0C85A56}"
EndProject
Project("{FAE04EC0-301F-11D3-BF4B-00C04F79EFBC}") = "LoanShark.Tests", "LoanShark.Tests\LoanShark.Tests.csproj", "{B83301B3-02D7-4D54-8AA1-3FF7F8165D95}"
EndProject
Project("{FAE04EC0-301F-11D3-BF4B-00C04F79EFBC}") = "LoanShark.API", "LoanShark.API\LoanShark.API.csproj", "{2F6317FB-3A0E-4BF1-9562-AA66F33E2437}"
EndProject
Project("{FAE04EC0-301F-11D3-BF4B-00C04F79EFBC}") = "LoanShark.MVC", "LoanShark.MVC\LoanShark.MVC.csproj", "{27CE6951-CB9F-4247-89B0-8E6BAFA13D72}"
EndProject
Project("{FAE04EC0-301F-11D3-BF4B-00C04F79EFBC}") = "LoanShark.Domain", "LoanShark.Domain\LoanShark.Domain.csproj", "{9079026B-E726-4D57-B8CC-39D98DE98A55}"
EndProject
Project("{FAE04EC0-301F-11D3-BF4B-00C04F79EFBC}") = "LoanShark.EF", "LoanShark.EF\LoanShark.EF.csproj", "{DC4F0C63-4B65-4F72-8678-E4703F6EDBF6}"
EndProject
Project("{FAE04EC0-301F-11D3-BF4B-00C04F79EFBC}") = "LoanShark.Service", "LoanShark.Service\LoanShark.Service.csproj", "{B407DB0B-31B8-41E1-830A-4D3C9083225E}"
EndProject
Global
	GlobalSection(SolutionConfigurationPlatforms) = preSolution
		Debug|ARM64 = Debug|ARM64
		Debug|x64 = Debug|x64
		Debug|x86 = Debug|x86
		Release|ARM64 = Release|ARM64
		Release|x64 = Release|x64
		Release|x86 = Release|x86
	EndGlobalSection
	GlobalSection(ProjectConfigurationPlatforms) = postSolution
		{7C671225-C273-4ED3-AB07-CA88C0C85A56}.Debug|ARM64.ActiveCfg = Debug|ARM64
		{7C671225-C273-4ED3-AB07-CA88C0C85A56}.Debug|ARM64.Build.0 = Debug|ARM64
		{7C671225-C273-4ED3-AB07-CA88C0C85A56}.Debug|ARM64.Deploy.0 = Debug|ARM64
		{7C671225-C273-4ED3-AB07-CA88C0C85A56}.Debug|x64.ActiveCfg = Debug|x64
		{7C671225-C273-4ED3-AB07-CA88C0C85A56}.Debug|x64.Build.0 = Debug|x64
		{7C671225-C273-4ED3-AB07-CA88C0C85A56}.Debug|x64.Deploy.0 = Debug|x64
		{7C671225-C273-4ED3-AB07-CA88C0C85A56}.Debug|x86.ActiveCfg = Debug|x64
		{7C671225-C273-4ED3-AB07-CA88C0C85A56}.Debug|x86.Build.0 = Debug|x64
		{7C671225-C273-4ED3-AB07-CA88C0C85A56}.Debug|x86.Deploy.0 = Debug|x64
		{7C671225-C273-4ED3-AB07-CA88C0C85A56}.Release|ARM64.ActiveCfg = Release|ARM64
		{7C671225-C273-4ED3-AB07-CA88C0C85A56}.Release|ARM64.Build.0 = Release|ARM64
		{7C671225-C273-4ED3-AB07-CA88C0C85A56}.Release|ARM64.Deploy.0 = Release|ARM64
		{7C671225-C273-4ED3-AB07-CA88C0C85A56}.Release|x64.ActiveCfg = Release|x64
		{7C671225-C273-4ED3-AB07-CA88C0C85A56}.Release|x64.Build.0 = Release|x64
		{7C671225-C273-4ED3-AB07-CA88C0C85A56}.Release|x64.Deploy.0 = Release|x64
		{7C671225-C273-4ED3-AB07-CA88C0C85A56}.Release|x86.ActiveCfg = Release|x86
		{7C671225-C273-4ED3-AB07-CA88C0C85A56}.Release|x86.Build.0 = Release|x86
		{7C671225-C273-4ED3-AB07-CA88C0C85A56}.Release|x86.Deploy.0 = Release|x86
		{B83301B3-02D7-4D54-8AA1-3FF7F8165D95}.Debug|ARM64.ActiveCfg = Debug|Any CPU
		{B83301B3-02D7-4D54-8AA1-3FF7F8165D95}.Debug|ARM64.Build.0 = Debug|Any CPU
		{B83301B3-02D7-4D54-8AA1-3FF7F8165D95}.Debug|x64.ActiveCfg = Debug|x64
		{B83301B3-02D7-4D54-8AA1-3FF7F8165D95}.Debug|x64.Build.0 = Debug|x64
		{B83301B3-02D7-4D54-8AA1-3FF7F8165D95}.Debug|x86.ActiveCfg = Debug|x64
		{B83301B3-02D7-4D54-8AA1-3FF7F8165D95}.Debug|x86.Build.0 = Debug|x64
		{B83301B3-02D7-4D54-8AA1-3FF7F8165D95}.Release|ARM64.ActiveCfg = Release|Any CPU
		{B83301B3-02D7-4D54-8AA1-3FF7F8165D95}.Release|ARM64.Build.0 = Release|Any CPU
		{B83301B3-02D7-4D54-8AA1-3FF7F8165D95}.Release|x64.ActiveCfg = Release|x64
		{B83301B3-02D7-4D54-8AA1-3FF7F8165D95}.Release|x64.Build.0 = Release|x64
		{B83301B3-02D7-4D54-8AA1-3FF7F8165D95}.Release|x86.ActiveCfg = Release|Any CPU
		{B83301B3-02D7-4D54-8AA1-3FF7F8165D95}.Release|x86.Build.0 = Release|Any CPU
		{2F6317FB-3A0E-4BF1-9562-AA66F33E2437}.Debug|ARM64.ActiveCfg = Debug|Any CPU
		{2F6317FB-3A0E-4BF1-9562-AA66F33E2437}.Debug|ARM64.Build.0 = Debug|Any CPU
		{2F6317FB-3A0E-4BF1-9562-AA66F33E2437}.Debug|x64.ActiveCfg = Debug|x64
		{2F6317FB-3A0E-4BF1-9562-AA66F33E2437}.Debug|x64.Build.0 = Debug|x64
		{2F6317FB-3A0E-4BF1-9562-AA66F33E2437}.Debug|x86.ActiveCfg = Debug|Any CPU
		{2F6317FB-3A0E-4BF1-9562-AA66F33E2437}.Debug|x86.Build.0 = Debug|Any CPU
		{2F6317FB-3A0E-4BF1-9562-AA66F33E2437}.Release|ARM64.ActiveCfg = Release|Any CPU
		{2F6317FB-3A0E-4BF1-9562-AA66F33E2437}.Release|ARM64.Build.0 = Release|Any CPU
		{2F6317FB-3A0E-4BF1-9562-AA66F33E2437}.Release|x64.ActiveCfg = Release|x64
		{2F6317FB-3A0E-4BF1-9562-AA66F33E2437}.Release|x64.Build.0 = Release|x64
		{2F6317FB-3A0E-4BF1-9562-AA66F33E2437}.Release|x86.ActiveCfg = Release|Any CPU
		{2F6317FB-3A0E-4BF1-9562-AA66F33E2437}.Release|x86.Build.0 = Release|Any CPU
		{27CE6951-CB9F-4247-89B0-8E6BAFA13D72}.Debug|ARM64.ActiveCfg = Debug|Any CPU
		{27CE6951-CB9F-4247-89B0-8E6BAFA13D72}.Debug|ARM64.Build.0 = Debug|Any CPU
		{27CE6951-CB9F-4247-89B0-8E6BAFA13D72}.Debug|x64.ActiveCfg = Debug|x64
		{27CE6951-CB9F-4247-89B0-8E6BAFA13D72}.Debug|x64.Build.0 = Debug|x64
		{27CE6951-CB9F-4247-89B0-8E6BAFA13D72}.Debug|x86.ActiveCfg = Debug|Any CPU
		{27CE6951-CB9F-4247-89B0-8E6BAFA13D72}.Debug|x86.Build.0 = Debug|Any CPU
		{27CE6951-CB9F-4247-89B0-8E6BAFA13D72}.Release|ARM64.ActiveCfg = Release|Any CPU
		{27CE6951-CB9F-4247-89B0-8E6BAFA13D72}.Release|ARM64.Build.0 = Release|Any CPU
		{27CE6951-CB9F-4247-89B0-8E6BAFA13D72}.Release|x64.ActiveCfg = Release|x64
		{27CE6951-CB9F-4247-89B0-8E6BAFA13D72}.Release|x64.Build.0 = Release|x64
		{27CE6951-CB9F-4247-89B0-8E6BAFA13D72}.Release|x86.ActiveCfg = Release|Any CPU
		{27CE6951-CB9F-4247-89B0-8E6BAFA13D72}.Release|x86.Build.0 = Release|Any CPU
		{9079026B-E726-4D57-B8CC-39D98DE98A55}.Debug|ARM64.ActiveCfg = Debug|x86
		{9079026B-E726-4D57-B8CC-39D98DE98A55}.Debug|x64.ActiveCfg = Debug|x64
		{9079026B-E726-4D57-B8CC-39D98DE98A55}.Debug|x64.Build.0 = Debug|x64
		{9079026B-E726-4D57-B8CC-39D98DE98A55}.Debug|x86.ActiveCfg = Debug|x86
		{9079026B-E726-4D57-B8CC-39D98DE98A55}.Release|ARM64.ActiveCfg = Release|x86
		{9079026B-E726-4D57-B8CC-39D98DE98A55}.Release|x64.ActiveCfg = Release|x86
		{9079026B-E726-4D57-B8CC-39D98DE98A55}.Release|x64.Build.0 = Release|x86
		{9079026B-E726-4D57-B8CC-39D98DE98A55}.Release|x86.ActiveCfg = Release|x86
		{DC4F0C63-4B65-4F72-8678-E4703F6EDBF6}.Debug|ARM64.ActiveCfg = Debug|Any CPU
		{DC4F0C63-4B65-4F72-8678-E4703F6EDBF6}.Debug|ARM64.Build.0 = Debug|Any CPU
		{DC4F0C63-4B65-4F72-8678-E4703F6EDBF6}.Debug|x64.ActiveCfg = Debug|x64
		{DC4F0C63-4B65-4F72-8678-E4703F6EDBF6}.Debug|x64.Build.0 = Debug|x64
		{DC4F0C63-4B65-4F72-8678-E4703F6EDBF6}.Debug|x86.ActiveCfg = Debug|Any CPU
		{DC4F0C63-4B65-4F72-8678-E4703F6EDBF6}.Debug|x86.Build.0 = Debug|Any CPU
		{DC4F0C63-4B65-4F72-8678-E4703F6EDBF6}.Release|ARM64.ActiveCfg = Release|Any CPU
		{DC4F0C63-4B65-4F72-8678-E4703F6EDBF6}.Release|ARM64.Build.0 = Release|Any CPU
		{DC4F0C63-4B65-4F72-8678-E4703F6EDBF6}.Release|x64.ActiveCfg = Release|x64
		{DC4F0C63-4B65-4F72-8678-E4703F6EDBF6}.Release|x64.Build.0 = Release|x64
		{DC4F0C63-4B65-4F72-8678-E4703F6EDBF6}.Release|x86.ActiveCfg = Release|Any CPU
		{DC4F0C63-4B65-4F72-8678-E4703F6EDBF6}.Release|x86.Build.0 = Release|Any CPU
		{B407DB0B-31B8-41E1-830A-4D3C9083225E}.Debug|ARM64.ActiveCfg = Debug|Any CPU
		{B407DB0B-31B8-41E1-830A-4D3C9083225E}.Debug|ARM64.Build.0 = Debug|Any CPU
		{B407DB0B-31B8-41E1-830A-4D3C9083225E}.Debug|x64.ActiveCfg = Debug|Any CPU
		{B407DB0B-31B8-41E1-830A-4D3C9083225E}.Debug|x64.Build.0 = Debug|Any CPU
		{B407DB0B-31B8-41E1-830A-4D3C9083225E}.Debug|x86.ActiveCfg = Debug|Any CPU
		{B407DB0B-31B8-41E1-830A-4D3C9083225E}.Debug|x86.Build.0 = Debug|Any CPU
		{B407DB0B-31B8-41E1-830A-4D3C9083225E}.Release|ARM64.ActiveCfg = Release|Any CPU
		{B407DB0B-31B8-41E1-830A-4D3C9083225E}.Release|ARM64.Build.0 = Release|Any CPU
		{B407DB0B-31B8-41E1-830A-4D3C9083225E}.Release|x64.ActiveCfg = Release|Any CPU
		{B407DB0B-31B8-41E1-830A-4D3C9083225E}.Release|x64.Build.0 = Release|Any CPU
		{B407DB0B-31B8-41E1-830A-4D3C9083225E}.Release|x86.ActiveCfg = Release|Any CPU
		{B407DB0B-31B8-41E1-830A-4D3C9083225E}.Release|x86.Build.0 = Release|Any CPU
	EndGlobalSection
	GlobalSection(SolutionProperties) = preSolution
		HideSolutionNode = FALSE
	EndGlobalSection
	GlobalSection(ExtensibilityGlobals) = postSolution
		SolutionGuid = {B63C32B6-DE57-48FE-9102-8DAA835E086C}
	EndGlobalSection
EndGlobal
